
Microsoft Visual Studio Solution File, Format Version 12.00
# Visual Studio Version 17
VisualStudioVersion = 17.5.002.0
MinimumVisualStudioVersion = 10.0.40219.1
Project("{9A19103F-16F7-4668-BE54-9A1E7A4F7556}") = "Task00", "Task00\Task00.csproj", "{4B001D21-9980-4C53-9987-ED7AD74BE4FE}"
EndProject
Project("{9A19103F-16F7-4668-BE54-9A1E7A4F7556}") = "Task01", "Task01\Task01.csproj", "{9E64816F-E835-4C5A-87B9-3948D355D6B3}"
EndProject
Project("{9A19103F-16F7-4668-BE54-9A1E7A4F7556}") = "Task02_hw01", "Task02_hw01\Task02_hw01.csproj", "{E0694B7E-018D-47C3-A7D4-DF7DE830F580}"
EndProject
Project("{9A19103F-16F7-4668-BE54-9A1E7A4F7556}") = "Task03", "Task03\Task03.csproj", "{989BB7CD-0B62-4AA4-91C8-87C381542B0B}"
EndProject
Project("{9A19103F-16F7-4668-BE54-9A1E7A4F7556}") = "Task04_hw01", "Task04_hw01\Task04_hw01.csproj", "{74DEAD9D-FCD4-45E3-B796-7BDBD412742E}"
EndProject
Project("{9A19103F-16F7-4668-BE54-9A1E7A4F7556}") = "Task05", "Task05\Task05.csproj", "{0D5E3E94-7E5B-4691-AD64-97394074ECC3}"
EndProject
Project("{9A19103F-16F7-4668-BE54-9A1E7A4F7556}") = "Task06_hw01", "Task06_hw01\Task06_hw01.csproj", "{C315B8B7-F76E-4538-BA43-B33E2B620BBE}"
EndProject
Project("{9A19103F-16F7-4668-BE54-9A1E7A4F7556}") = "Task07", "Task07\Task07.csproj", "{5524F69D-983D-4B3E-BF4B-31FD9AA9E4F0}"
EndProject
Project("{9A19103F-16F7-4668-BE54-9A1E7A4F7556}") = "Task08_hw01", "Task08_hw01\Task08_hw01.csproj", "{3DC2D79E-8899-46FE-AEE9-EDFFD329FA7B}"
EndProject
Project("{9A19103F-16F7-4668-BE54-9A1E7A4F7556}") = "Task09", "Task09\Task09.csproj", "{B81BA0CB-7021-47D0-A656-EAFAF3F5E222}"
EndProject
Project("{9A19103F-16F7-4668-BE54-9A1E7A4F7556}") = "Task10_hw02", "Task10_hw02\Task10_hw02.csproj", "{C28881D5-2ADE-4C07-B0B8-5935635B2A78}"
EndProject
Project("{9A19103F-16F7-4668-BE54-9A1E7A4F7556}") = "Task11", "Task11\Task11.csproj", "{5C805BE2-3316-4771-9B78-76B0BDF19E8E}"
EndProject
Project("{9A19103F-16F7-4668-BE54-9A1E7A4F7556}") = "Task12", "Task12\Task12.csproj", "{793D112E-F43C-4E02-8FBC-91A4761051CB}"
EndProject
Project("{9A19103F-16F7-4668-BE54-9A1E7A4F7556}") = "Task13_hw02", "Task13_hw02\Task13_hw02.csproj", "{1F9D8D8A-AFB9-48BD-B422-236926D3D2CB}"
EndProject
Project("{9A19103F-16F7-4668-BE54-9A1E7A4F7556}") = "Task14", "Task14\Task14.csproj", "{874F0C05-3E5C-4263-A6A4-2683CA530544}"
EndProject
Project("{9A19103F-16F7-4668-BE54-9A1E7A4F7556}") = "Task15_hw02", "Task15_hw02\Task15_hw02.csproj", "{AAD77F95-3850-4799-8A69-848979A4D5C3}"
EndProject
Project("{9A19103F-16F7-4668-BE54-9A1E7A4F7556}") = "Task16", "Task16\Task16.csproj", "{2DE9651B-8BB2-4F20-BF5B-336C540F5C6A}"
EndProject
Project("{9A19103F-16F7-4668-BE54-9A1E7A4F7556}") = "task17", "Task17\task17.csproj", "{44A38D7A-506D-4397-80E7-8D10CFC278B1}"
EndProject
Project("{9A19103F-16F7-4668-BE54-9A1E7A4F7556}") = "Task18", "Task18\Task18.csproj", "{BCA3B527-DCE0-47B0-A4C0-503FC6225D33}"
EndProject
Project("{9A19103F-16F7-4668-BE54-9A1E7A4F7556}") = "Task20", "Task20\Task20.csproj", "{91F091B6-A588-4D47-9D92-4ACDB2A1E01A}"
EndProject
Project("{9A19103F-16F7-4668-BE54-9A1E7A4F7556}") = "Task22", "Task22\Task22.csproj", "{4F880593-4E60-482D-B218-902BE54C1F66}"
EndProject
Global
	GlobalSection(SolutionConfigurationPlatforms) = preSolution
		Debug|Any CPU = Debug|Any CPU
		Release|Any CPU = Release|Any CPU
	EndGlobalSection
	GlobalSection(ProjectConfigurationPlatforms) = postSolution
		{4B001D21-9980-4C53-9987-ED7AD74BE4FE}.Debug|Any CPU.ActiveCfg = Debug|Any CPU
		{4B001D21-9980-4C53-9987-ED7AD74BE4FE}.Debug|Any CPU.Build.0 = Debug|Any CPU
		{4B001D21-9980-4C53-9987-ED7AD74BE4FE}.Release|Any CPU.ActiveCfg = Release|Any CPU
		{4B001D21-9980-4C53-9987-ED7AD74BE4FE}.Release|Any CPU.Build.0 = Release|Any CPU
		{9E64816F-E835-4C5A-87B9-3948D355D6B3}.Debug|Any CPU.ActiveCfg = Debug|Any CPU
		{9E64816F-E835-4C5A-87B9-3948D355D6B3}.Debug|Any CPU.Build.0 = Debug|Any CPU
		{9E64816F-E835-4C5A-87B9-3948D355D6B3}.Release|Any CPU.ActiveCfg = Release|Any CPU
		{9E64816F-E835-4C5A-87B9-3948D355D6B3}.Release|Any CPU.Build.0 = Release|Any CPU
		{E0694B7E-018D-47C3-A7D4-DF7DE830F580}.Debug|Any CPU.ActiveCfg = Debug|Any CPU
		{E0694B7E-018D-47C3-A7D4-DF7DE830F580}.Debug|Any CPU.Build.0 = Debug|Any CPU
		{E0694B7E-018D-47C3-A7D4-DF7DE830F580}.Release|Any CPU.ActiveCfg = Release|Any CPU
		{E0694B7E-018D-47C3-A7D4-DF7DE830F580}.Release|Any CPU.Build.0 = Release|Any CPU
		{989BB7CD-0B62-4AA4-91C8-87C381542B0B}.Debug|Any CPU.ActiveCfg = Debug|Any CPU
		{989BB7CD-0B62-4AA4-91C8-87C381542B0B}.Debug|Any CPU.Build.0 = Debug|Any CPU
		{989BB7CD-0B62-4AA4-91C8-87C381542B0B}.Release|Any CPU.ActiveCfg = Release|Any CPU
		{989BB7CD-0B62-4AA4-91C8-87C381542B0B}.Release|Any CPU.Build.0 = Release|Any CPU
		{74DEAD9D-FCD4-45E3-B796-7BDBD412742E}.Debug|Any CPU.ActiveCfg = Debug|Any CPU
		{74DEAD9D-FCD4-45E3-B796-7BDBD412742E}.Debug|Any CPU.Build.0 = Debug|Any CPU
		{74DEAD9D-FCD4-45E3-B796-7BDBD412742E}.Release|Any CPU.ActiveCfg = Release|Any CPU
		{74DEAD9D-FCD4-45E3-B796-7BDBD412742E}.Release|Any CPU.Build.0 = Release|Any CPU
		{0D5E3E94-7E5B-4691-AD64-97394074ECC3}.Debug|Any CPU.ActiveCfg = Debug|Any CPU
		{0D5E3E94-7E5B-4691-AD64-97394074ECC3}.Debug|Any CPU.Build.0 = Debug|Any CPU
		{0D5E3E94-7E5B-4691-AD64-97394074ECC3}.Release|Any CPU.ActiveCfg = Release|Any CPU
		{0D5E3E94-7E5B-4691-AD64-97394074ECC3}.Release|Any CPU.Build.0 = Release|Any CPU
		{C315B8B7-F76E-4538-BA43-B33E2B620BBE}.Debug|Any CPU.ActiveCfg = Debug|Any CPU
		{C315B8B7-F76E-4538-BA43-B33E2B620BBE}.Debug|Any CPU.Build.0 = Debug|Any CPU
		{C315B8B7-F76E-4538-BA43-B33E2B620BBE}.Release|Any CPU.ActiveCfg = Release|Any CPU
		{C315B8B7-F76E-4538-BA43-B33E2B620BBE}.Release|Any CPU.Build.0 = Release|Any CPU
		{5524F69D-983D-4B3E-BF4B-31FD9AA9E4F0}.Debug|Any CPU.ActiveCfg = Debug|Any CPU
		{5524F69D-983D-4B3E-BF4B-31FD9AA9E4F0}.Debug|Any CPU.Build.0 = Debug|Any CPU
		{5524F69D-983D-4B3E-BF4B-31FD9AA9E4F0}.Release|Any CPU.ActiveCfg = Release|Any CPU
		{5524F69D-983D-4B3E-BF4B-31FD9AA9E4F0}.Release|Any CPU.Build.0 = Release|Any CPU
		{3DC2D79E-8899-46FE-AEE9-EDFFD329FA7B}.Debug|Any CPU.ActiveCfg = Debug|Any CPU
		{3DC2D79E-8899-46FE-AEE9-EDFFD329FA7B}.Debug|Any CPU.Build.0 = Debug|Any CPU
		{3DC2D79E-8899-46FE-AEE9-EDFFD329FA7B}.Release|Any CPU.ActiveCfg = Release|Any CPU
		{3DC2D79E-8899-46FE-AEE9-EDFFD329FA7B}.Release|Any CPU.Build.0 = Release|Any CPU
		{B81BA0CB-7021-47D0-A656-EAFAF3F5E222}.Debug|Any CPU.ActiveCfg = Debug|Any CPU
		{B81BA0CB-7021-47D0-A656-EAFAF3F5E222}.Debug|Any CPU.Build.0 = Debug|Any CPU
		{B81BA0CB-7021-47D0-A656-EAFAF3F5E222}.Release|Any CPU.ActiveCfg = Release|Any CPU
		{B81BA0CB-7021-47D0-A656-EAFAF3F5E222}.Release|Any CPU.Build.0 = Release|Any CPU
		{C28881D5-2ADE-4C07-B0B8-5935635B2A78}.Debug|Any CPU.ActiveCfg = Debug|Any CPU
		{C28881D5-2ADE-4C07-B0B8-5935635B2A78}.Debug|Any CPU.Build.0 = Debug|Any CPU
		{C28881D5-2ADE-4C07-B0B8-5935635B2A78}.Release|Any CPU.ActiveCfg = Release|Any CPU
		{C28881D5-2ADE-4C07-B0B8-5935635B2A78}.Release|Any CPU.Build.0 = Release|Any CPU
		{5C805BE2-3316-4771-9B78-76B0BDF19E8E}.Debug|Any CPU.ActiveCfg = Debug|Any CPU
		{5C805BE2-3316-4771-9B78-76B0BDF19E8E}.Debug|Any CPU.Build.0 = Debug|Any CPU
		{5C805BE2-3316-4771-9B78-76B0BDF19E8E}.Release|Any CPU.ActiveCfg = Release|Any CPU
		{5C805BE2-3316-4771-9B78-76B0BDF19E8E}.Release|Any CPU.Build.0 = Release|Any CPU
		{793D112E-F43C-4E02-8FBC-91A4761051CB}.Debug|Any CPU.ActiveCfg = Debug|Any CPU
		{793D112E-F43C-4E02-8FBC-91A4761051CB}.Debug|Any CPU.Build.0 = Debug|Any CPU
		{793D112E-F43C-4E02-8FBC-91A4761051CB}.Release|Any CPU.ActiveCfg = Release|Any CPU
		{793D112E-F43C-4E02-8FBC-91A4761051CB}.Release|Any CPU.Build.0 = Release|Any CPU
		{1F9D8D8A-AFB9-48BD-B422-236926D3D2CB}.Debug|Any CPU.ActiveCfg = Debug|Any CPU
		{1F9D8D8A-AFB9-48BD-B422-236926D3D2CB}.Debug|Any CPU.Build.0 = Debug|Any CPU
		{1F9D8D8A-AFB9-48BD-B422-236926D3D2CB}.Release|Any CPU.ActiveCfg = Release|Any CPU
		{1F9D8D8A-AFB9-48BD-B422-236926D3D2CB}.Release|Any CPU.Build.0 = Release|Any CPU
		{874F0C05-3E5C-4263-A6A4-2683CA530544}.Debug|Any CPU.ActiveCfg = Debug|Any CPU
		{874F0C05-3E5C-4263-A6A4-2683CA530544}.Debug|Any CPU.Build.0 = Debug|Any CPU
		{874F0C05-3E5C-4263-A6A4-2683CA530544}.Release|Any CPU.ActiveCfg = Release|Any CPU
		{874F0C05-3E5C-4263-A6A4-2683CA530544}.Release|Any CPU.Build.0 = Release|Any CPU
		{AAD77F95-3850-4799-8A69-848979A4D5C3}.Debug|Any CPU.ActiveCfg = Debug|Any CPU
		{AAD77F95-3850-4799-8A69-848979A4D5C3}.Debug|Any CPU.Build.0 = Debug|Any CPU
		{AAD77F95-3850-4799-8A69-848979A4D5C3}.Release|Any CPU.ActiveCfg = Release|Any CPU
		{AAD77F95-3850-4799-8A69-848979A4D5C3}.Release|Any CPU.Build.0 = Release|Any CPU
		{2DE9651B-8BB2-4F20-BF5B-336C540F5C6A}.Debug|Any CPU.ActiveCfg = Debug|Any CPU
		{2DE9651B-8BB2-4F20-BF5B-336C540F5C6A}.Debug|Any CPU.Build.0 = Debug|Any CPU
		{2DE9651B-8BB2-4F20-BF5B-336C540F5C6A}.Release|Any CPU.ActiveCfg = Release|Any CPU
		{2DE9651B-8BB2-4F20-BF5B-336C540F5C6A}.Release|Any CPU.Build.0 = Release|Any CPU
		{44A38D7A-506D-4397-80E7-8D10CFC278B1}.Debug|Any CPU.ActiveCfg = Debug|Any CPU
		{44A38D7A-506D-4397-80E7-8D10CFC278B1}.Debug|Any CPU.Build.0 = Debug|Any CPU
		{44A38D7A-506D-4397-80E7-8D10CFC278B1}.Release|Any CPU.ActiveCfg = Release|Any CPU
		{44A38D7A-506D-4397-80E7-8D10CFC278B1}.Release|Any CPU.Build.0 = Release|Any CPU
		{BCA3B527-DCE0-47B0-A4C0-503FC6225D33}.Debug|Any CPU.ActiveCfg = Debug|Any CPU
		{BCA3B527-DCE0-47B0-A4C0-503FC6225D33}.Debug|Any CPU.Build.0 = Debug|Any CPU
		{BCA3B527-DCE0-47B0-A4C0-503FC6225D33}.Release|Any CPU.ActiveCfg = Release|Any CPU
		{BCA3B527-DCE0-47B0-A4C0-503FC6225D33}.Release|Any CPU.Build.0 = Release|Any CPU
		{91F091B6-A588-4D47-9D92-4ACDB2A1E01A}.Debug|Any CPU.ActiveCfg = Debug|Any CPU
		{91F091B6-A588-4D47-9D92-4ACDB2A1E01A}.Debug|Any CPU.Build.0 = Debug|Any CPU
		{91F091B6-A588-4D47-9D92-4ACDB2A1E01A}.Release|Any CPU.ActiveCfg = Release|Any CPU
		{91F091B6-A588-4D47-9D92-4ACDB2A1E01A}.Release|Any CPU.Build.0 = Release|Any CPU
		{4F880593-4E60-482D-B218-902BE54C1F66}.Debug|Any CPU.ActiveCfg = Debug|Any CPU
		{4F880593-4E60-482D-B218-902BE54C1F66}.Debug|Any CPU.Build.0 = Debug|Any CPU
		{4F880593-4E60-482D-B218-902BE54C1F66}.Release|Any CPU.ActiveCfg = Release|Any CPU
		{4F880593-4E60-482D-B218-902BE54C1F66}.Release|Any CPU.Build.0 = Release|Any CPU
	EndGlobalSection
	GlobalSection(SolutionProperties) = preSolution
		HideSolutionNode = FALSE
	EndGlobalSection
	GlobalSection(ExtensibilityGlobals) = postSolution
		SolutionGuid = {EF5BEA1B-F31E-43F9-92AF-6EFB4529E932}
	EndGlobalSection
EndGlobal
